// !$*UTF8*$!
{
	archiveVersion = 1;
	classes = {
	};
	objectVersion = 46;
	objects = {

/* Begin PBXBuildFile section */
		ED8D81AC19BF4CB2006B19E1 /* Foundation.framework in Frameworks */ = {isa = PBXBuildFile; fileRef = ED8D81AB19BF4CB2006B19E1 /* Foundation.framework */; };
		ED8D81AE19BF4CB2006B19E1 /* CoreGraphics.framework in Frameworks */ = {isa = PBXBuildFile; fileRef = ED8D81AD19BF4CB2006B19E1 /* CoreGraphics.framework */; };
		ED8D81B019BF4CB2006B19E1 /* UIKit.framework in Frameworks */ = {isa = PBXBuildFile; fileRef = ED8D81AF19BF4CB2006B19E1 /* UIKit.framework */; };
		ED8D81B619BF4CB2006B19E1 /* InfoPlist.strings in Resources */ = {isa = PBXBuildFile; fileRef = ED8D81B419BF4CB2006B19E1 /* InfoPlist.strings */; };
		ED8D81B819BF4CB2006B19E1 /* main.m in Sources */ = {isa = PBXBuildFile; fileRef = ED8D81B719BF4CB2006B19E1 /* main.m */; };
		ED8D81BC19BF4CB2006B19E1 /* AppDelegate.m in Sources */ = {isa = PBXBuildFile; fileRef = ED8D81BB19BF4CB2006B19E1 /* AppDelegate.m */; };
		ED8D81BF19BF4CB2006B19E1 /* Main.storyboard in Resources */ = {isa = PBXBuildFile; fileRef = ED8D81BD19BF4CB2006B19E1 /* Main.storyboard */; };
		ED8D81C219BF4CB2006B19E1 /* MainViewController.m in Sources */ = {isa = PBXBuildFile; fileRef = ED8D81C119BF4CB2006B19E1 /* MainViewController.m */; };
		ED8D81C519BF4CB2006B19E1 /* FlipsideViewController.m in Sources */ = {isa = PBXBuildFile; fileRef = ED8D81C419BF4CB2006B19E1 /* FlipsideViewController.m */; };
		ED8D81C719BF4CB2006B19E1 /* Images.xcassets in Resources */ = {isa = PBXBuildFile; fileRef = ED8D81C619BF4CB2006B19E1 /* Images.xcassets */; };
		ED8D81CE19BF4CB2006B19E1 /* XCTest.framework in Frameworks */ = {isa = PBXBuildFile; fileRef = ED8D81CD19BF4CB2006B19E1 /* XCTest.framework */; };
		ED8D81CF19BF4CB2006B19E1 /* Foundation.framework in Frameworks */ = {isa = PBXBuildFile; fileRef = ED8D81AB19BF4CB2006B19E1 /* Foundation.framework */; };
		ED8D81D019BF4CB2006B19E1 /* UIKit.framework in Frameworks */ = {isa = PBXBuildFile; fileRef = ED8D81AF19BF4CB2006B19E1 /* UIKit.framework */; };
		ED8D81D819BF4CB2006B19E1 /* InfoPlist.strings in Resources */ = {isa = PBXBuildFile; fileRef = ED8D81D619BF4CB2006B19E1 /* InfoPlist.strings */; };
		ED8D81DA19BF4CB2006B19E1 /* Evil_Hangman_iOSTests.m in Sources */ = {isa = PBXBuildFile; fileRef = ED8D81D919BF4CB2006B19E1 /* Evil_Hangman_iOSTests.m */; };
/* End PBXBuildFile section */

/* Begin PBXContainerItemProxy section */
		ED8D81D119BF4CB2006B19E1 /* PBXContainerItemProxy */ = {
			isa = PBXContainerItemProxy;
			containerPortal = ED8D81A019BF4CB2006B19E1 /* Project object */;
			proxyType = 1;
			remoteGlobalIDString = ED8D81A719BF4CB2006B19E1;
			remoteInfo = "Evil-Hangman-iOS";
		};
/* End PBXContainerItemProxy section */

/* Begin PBXFileReference section */
		ED8D81A819BF4CB2006B19E1 /* Evil-Hangman-iOS.app */ = {isa = PBXFileReference; explicitFileType = wrapper.application; includeInIndex = 0; path = "Evil-Hangman-iOS.app"; sourceTree = BUILT_PRODUCTS_DIR; };
		ED8D81AB19BF4CB2006B19E1 /* Foundation.framework */ = {isa = PBXFileReference; lastKnownFileType = wrapper.framework; name = Foundation.framework; path = System/Library/Frameworks/Foundation.framework; sourceTree = SDKROOT; };
		ED8D81AD19BF4CB2006B19E1 /* CoreGraphics.framework */ = {isa = PBXFileReference; lastKnownFileType = wrapper.framework; name = CoreGraphics.framework; path = System/Library/Frameworks/CoreGraphics.framework; sourceTree = SDKROOT; };
		ED8D81AF19BF4CB2006B19E1 /* UIKit.framework */ = {isa = PBXFileReference; lastKnownFileType = wrapper.framework; name = UIKit.framework; path = System/Library/Frameworks/UIKit.framework; sourceTree = SDKROOT; };
		ED8D81B319BF4CB2006B19E1 /* Evil-Hangman-iOS-Info.plist */ = {isa = PBXFileReference; lastKnownFileType = text.plist.xml; path = "Evil-Hangman-iOS-Info.plist"; sourceTree = "<group>"; };
		ED8D81B519BF4CB2006B19E1 /* en */ = {isa = PBXFileReference; lastKnownFileType = text.plist.strings; name = en; path = en.lproj/InfoPlist.strings; sourceTree = "<group>"; };
		ED8D81B719BF4CB2006B19E1 /* main.m */ = {isa = PBXFileReference; lastKnownFileType = sourcecode.c.objc; path = main.m; sourceTree = "<group>"; };
		ED8D81B919BF4CB2006B19E1 /* Evil-Hangman-iOS-Prefix.pch */ = {isa = PBXFileReference; lastKnownFileType = sourcecode.c.h; path = "Evil-Hangman-iOS-Prefix.pch"; sourceTree = "<group>"; };
		ED8D81BA19BF4CB2006B19E1 /* AppDelegate.h */ = {isa = PBXFileReference; lastKnownFileType = sourcecode.c.h; path = AppDelegate.h; sourceTree = "<group>"; };
		ED8D81BB19BF4CB2006B19E1 /* AppDelegate.m */ = {isa = PBXFileReference; lastKnownFileType = sourcecode.c.objc; path = AppDelegate.m; sourceTree = "<group>"; };
		ED8D81BE19BF4CB2006B19E1 /* Base */ = {isa = PBXFileReference; lastKnownFileType = file.storyboard; name = Base; path = Base.lproj/Main.storyboard; sourceTree = "<group>"; };
		ED8D81C019BF4CB2006B19E1 /* MainViewController.h */ = {isa = PBXFileReference; lastKnownFileType = sourcecode.c.h; path = MainViewController.h; sourceTree = "<group>"; };
		ED8D81C119BF4CB2006B19E1 /* MainViewController.m */ = {isa = PBXFileReference; lastKnownFileType = sourcecode.c.objc; path = MainViewController.m; sourceTree = "<group>"; };
		ED8D81C319BF4CB2006B19E1 /* FlipsideViewController.h */ = {isa = PBXFileReference; lastKnownFileType = sourcecode.c.h; path = FlipsideViewController.h; sourceTree = "<group>"; };
		ED8D81C419BF4CB2006B19E1 /* FlipsideViewController.m */ = {isa = PBXFileReference; lastKnownFileType = sourcecode.c.objc; path = FlipsideViewController.m; sourceTree = "<group>"; };
		ED8D81C619BF4CB2006B19E1 /* Images.xcassets */ = {isa = PBXFileReference; lastKnownFileType = folder.assetcatalog; path = Images.xcassets; sourceTree = "<group>"; };
		ED8D81CC19BF4CB2006B19E1 /* Evil-Hangman-iOSTests.xctest */ = {isa = PBXFileReference; explicitFileType = wrapper.cfbundle; includeInIndex = 0; path = "Evil-Hangman-iOSTests.xctest"; sourceTree = BUILT_PRODUCTS_DIR; };
		ED8D81CD19BF4CB2006B19E1 /* XCTest.framework */ = {isa = PBXFileReference; lastKnownFileType = wrapper.framework; name = XCTest.framework; path = Library/Frameworks/XCTest.framework; sourceTree = DEVELOPER_DIR; };
		ED8D81D519BF4CB2006B19E1 /* Evil-Hangman-iOSTests-Info.plist */ = {isa = PBXFileReference; lastKnownFileType = text.plist.xml; path = "Evil-Hangman-iOSTests-Info.plist"; sourceTree = "<group>"; };
		ED8D81D719BF4CB2006B19E1 /* en */ = {isa = PBXFileReference; lastKnownFileType = text.plist.strings; name = en; path = en.lproj/InfoPlist.strings; sourceTree = "<group>"; };
		ED8D81D919BF4CB2006B19E1 /* Evil_Hangman_iOSTests.m */ = {isa = PBXFileReference; lastKnownFileType = sourcecode.c.objc; path = Evil_Hangman_iOSTests.m; sourceTree = "<group>"; };
/* End PBXFileReference section */

/* Begin PBXFrameworksBuildPhase section */
		ED8D81A519BF4CB2006B19E1 /* Frameworks */ = {
			isa = PBXFrameworksBuildPhase;
			buildActionMask = 2147483647;
			files = (
				ED8D81AE19BF4CB2006B19E1 /* CoreGraphics.framework in Frameworks */,
				ED8D81B019BF4CB2006B19E1 /* UIKit.framework in Frameworks */,
				ED8D81AC19BF4CB2006B19E1 /* Foundation.framework in Frameworks */,
			);
			runOnlyForDeploymentPostprocessing = 0;
		};
		ED8D81C919BF4CB2006B19E1 /* Frameworks */ = {
			isa = PBXFrameworksBuildPhase;
			buildActionMask = 2147483647;
			files = (
				ED8D81CE19BF4CB2006B19E1 /* XCTest.framework in Frameworks */,
				ED8D81D019BF4CB2006B19E1 /* UIKit.framework in Frameworks */,
				ED8D81CF19BF4CB2006B19E1 /* Foundation.framework in Frameworks */,
			);
			runOnlyForDeploymentPostprocessing = 0;
		};
/* End PBXFrameworksBuildPhase section */

/* Begin PBXGroup section */
		ED8D819F19BF4CB2006B19E1 = {
			isa = PBXGroup;
			children = (
				ED8D81B119BF4CB2006B19E1 /* Evil-Hangman-iOS */,
				ED8D81D319BF4CB2006B19E1 /* Evil-Hangman-iOSTests */,
				ED8D81AA19BF4CB2006B19E1 /* Frameworks */,
				ED8D81A919BF4CB2006B19E1 /* Products */,
			);
			sourceTree = "<group>";
		};
		ED8D81A919BF4CB2006B19E1 /* Products */ = {
			isa = PBXGroup;
			children = (
				ED8D81A819BF4CB2006B19E1 /* Evil-Hangman-iOS.app */,
				ED8D81CC19BF4CB2006B19E1 /* Evil-Hangman-iOSTests.xctest */,
			);
			name = Products;
			sourceTree = "<group>";
		};
		ED8D81AA19BF4CB2006B19E1 /* Frameworks */ = {
			isa = PBXGroup;
			children = (
				ED8D81AB19BF4CB2006B19E1 /* Foundation.framework */,
				ED8D81AD19BF4CB2006B19E1 /* CoreGraphics.framework */,
				ED8D81AF19BF4CB2006B19E1 /* UIKit.framework */,
				ED8D81CD19BF4CB2006B19E1 /* XCTest.framework */,
			);
			name = Frameworks;
			sourceTree = "<group>";
		};
		ED8D81B119BF4CB2006B19E1 /* Evil-Hangman-iOS */ = {
			isa = PBXGroup;
			children = (
				ED8D81BA19BF4CB2006B19E1 /* AppDelegate.h */,
				ED8D81BB19BF4CB2006B19E1 /* AppDelegate.m */,
				ED8D81BD19BF4CB2006B19E1 /* Main.storyboard */,
				ED8D81C019BF4CB2006B19E1 /* MainViewController.h */,
				ED8D81C119BF4CB2006B19E1 /* MainViewController.m */,
				ED8D81C319BF4CB2006B19E1 /* FlipsideViewController.h */,
				ED8D81C419BF4CB2006B19E1 /* FlipsideViewController.m */,
				ED8D81C619BF4CB2006B19E1 /* Images.xcassets */,
				ED8D81B219BF4CB2006B19E1 /* Supporting Files */,
			);
			path = "Evil-Hangman-iOS";
			sourceTree = "<group>";
		};
		ED8D81B219BF4CB2006B19E1 /* Supporting Files */ = {
			isa = PBXGroup;
			children = (
				ED8D81B319BF4CB2006B19E1 /* Evil-Hangman-iOS-Info.plist */,
				ED8D81B419BF4CB2006B19E1 /* InfoPlist.strings */,
				ED8D81B719BF4CB2006B19E1 /* main.m */,
				ED8D81B919BF4CB2006B19E1 /* Evil-Hangman-iOS-Prefix.pch */,
			);
			name = "Supporting Files";
			sourceTree = "<group>";
		};
		ED8D81D319BF4CB2006B19E1 /* Evil-Hangman-iOSTests */ = {
			isa = PBXGroup;
			children = (
				ED8D81D919BF4CB2006B19E1 /* Evil_Hangman_iOSTests.m */,
				ED8D81D419BF4CB2006B19E1 /* Supporting Files */,
			);
			path = "Evil-Hangman-iOSTests";
			sourceTree = "<group>";
		};
		ED8D81D419BF4CB2006B19E1 /* Supporting Files */ = {
			isa = PBXGroup;
			children = (
				ED8D81D519BF4CB2006B19E1 /* Evil-Hangman-iOSTests-Info.plist */,
				ED8D81D619BF4CB2006B19E1 /* InfoPlist.strings */,
			);
			name = "Supporting Files";
			sourceTree = "<group>";
		};
/* End PBXGroup section */

/* Begin PBXNativeTarget section */
		ED8D81A719BF4CB2006B19E1 /* Evil-Hangman-iOS */ = {
			isa = PBXNativeTarget;
			buildConfigurationList = ED8D81DD19BF4CB2006B19E1 /* Build configuration list for PBXNativeTarget "Evil-Hangman-iOS" */;
			buildPhases = (
				ED8D81A419BF4CB2006B19E1 /* Sources */,
				ED8D81A519BF4CB2006B19E1 /* Frameworks */,
				ED8D81A619BF4CB2006B19E1 /* Resources */,
			);
			buildRules = (
			);
			dependencies = (
			);
			name = "Evil-Hangman-iOS";
			productName = "Evil-Hangman-iOS";
			productReference = ED8D81A819BF4CB2006B19E1 /* Evil-Hangman-iOS.app */;
			productType = "com.apple.product-type.application";
		};
		ED8D81CB19BF4CB2006B19E1 /* Evil-Hangman-iOSTests */ = {
			isa = PBXNativeTarget;
			buildConfigurationList = ED8D81E019BF4CB2006B19E1 /* Build configuration list for PBXNativeTarget "Evil-Hangman-iOSTests" */;
			buildPhases = (
				ED8D81C819BF4CB2006B19E1 /* Sources */,
				ED8D81C919BF4CB2006B19E1 /* Frameworks */,
				ED8D81CA19BF4CB2006B19E1 /* Resources */,
			);
			buildRules = (
			);
			dependencies = (
				ED8D81D219BF4CB2006B19E1 /* PBXTargetDependency */,
			);
			name = "Evil-Hangman-iOSTests";
			productName = "Evil-Hangman-iOSTests";
			productReference = ED8D81CC19BF4CB2006B19E1 /* Evil-Hangman-iOSTests.xctest */;
			productType = "com.apple.product-type.bundle.unit-test";
		};
/* End PBXNativeTarget section */

/* Begin PBXProject section */
		ED8D81A019BF4CB2006B19E1 /* Project object */ = {
			isa = PBXProject;
			attributes = {
				LastUpgradeCheck = 0510;
				ORGANIZATIONNAME = "Olaf van Houten";
				TargetAttributes = {
					ED8D81CB19BF4CB2006B19E1 = {
						TestTargetID = ED8D81A719BF4CB2006B19E1;
					};
				};
			};
			buildConfigurationList = ED8D81A319BF4CB2006B19E1 /* Build configuration list for PBXProject "Evil-Hangman-iOS" */;
			compatibilityVersion = "Xcode 3.2";
			developmentRegion = English;
			hasScannedForEncodings = 0;
			knownRegions = (
				en,
				Base,
			);
			mainGroup = ED8D819F19BF4CB2006B19E1;
			productRefGroup = ED8D81A919BF4CB2006B19E1 /* Products */;
			projectDirPath = "";
			projectRoot = "";
			targets = (
				ED8D81A719BF4CB2006B19E1 /* Evil-Hangman-iOS */,
				ED8D81CB19BF4CB2006B19E1 /* Evil-Hangman-iOSTests */,
			);
		};
/* End PBXProject section */

/* Begin PBXResourcesBuildPhase section */
		ED8D81A619BF4CB2006B19E1 /* Resources */ = {
			isa = PBXResourcesBuildPhase;
			buildActionMask = 2147483647;
			files = (
				ED8D81C719BF4CB2006B19E1 /* Images.xcassets in Resources */,
				ED8D81B619BF4CB2006B19E1 /* InfoPlist.strings in Resources */,
				ED8D81BF19BF4CB2006B19E1 /* Main.storyboard in Resources */,
			);
			runOnlyForDeploymentPostprocessing = 0;
		};
		ED8D81CA19BF4CB2006B19E1 /* Resources */ = {
			isa = PBXResourcesBuildPhase;
			buildActionMask = 2147483647;
			files = (
				ED8D81D819BF4CB2006B19E1 /* InfoPlist.strings in Resources */,
			);
			runOnlyForDeploymentPostprocessing = 0;
		};
/* End PBXResourcesBuildPhase section */

/* Begin PBXSourcesBuildPhase section */
		ED8D81A419BF4CB2006B19E1 /* Sources */ = {
			isa = PBXSourcesBuildPhase;
			buildActionMask = 2147483647;
			files = (
				ED8D81BC19BF4CB2006B19E1 /* AppDelegate.m in Sources */,
				ED8D81C219BF4CB2006B19E1 /* MainViewController.m in Sources */,
				ED8D81C519BF4CB2006B19E1 /* FlipsideViewController.m in Sources */,
				ED8D81B819BF4CB2006B19E1 /* main.m in Sources */,
			);
			runOnlyForDeploymentPostprocessing = 0;
		};
		ED8D81C819BF4CB2006B19E1 /* Sources */ = {
			isa = PBXSourcesBuildPhase;
			buildActionMask = 2147483647;
			files = (
				ED8D81DA19BF4CB2006B19E1 /* Evil_Hangman_iOSTests.m in Sources */,
			);
			runOnlyForDeploymentPostprocessing = 0;
		};
/* End PBXSourcesBuildPhase section */

/* Begin PBXTargetDependency section */
		ED8D81D219BF4CB2006B19E1 /* PBXTargetDependency */ = {
			isa = PBXTargetDependency;
			target = ED8D81A719BF4CB2006B19E1 /* Evil-Hangman-iOS */;
			targetProxy = ED8D81D119BF4CB2006B19E1 /* PBXContainerItemProxy */;
		};
/* End PBXTargetDependency section */

/* Begin PBXVariantGroup section */
		ED8D81B419BF4CB2006B19E1 /* InfoPlist.strings */ = {
			isa = PBXVariantGroup;
			children = (
				ED8D81B519BF4CB2006B19E1 /* en */,
			);
			name = InfoPlist.strings;
			sourceTree = "<group>";
		};
		ED8D81BD19BF4CB2006B19E1 /* Main.storyboard */ = {
			isa = PBXVariantGroup;
			children = (
				ED8D81BE19BF4CB2006B19E1 /* Base */,
			);
			name = Main.storyboard;
			sourceTree = "<group>";
		};
		ED8D81D619BF4CB2006B19E1 /* InfoPlist.strings */ = {
			isa = PBXVariantGroup;
			children = (
				ED8D81D719BF4CB2006B19E1 /* en */,
			);
			name = InfoPlist.strings;
			sourceTree = "<group>";
		};
/* End PBXVariantGroup section */

/* Begin XCBuildConfiguration section */
		ED8D81DB19BF4CB2006B19E1 /* Debug */ = {
			isa = XCBuildConfiguration;
			buildSettings = {
				ALWAYS_SEARCH_USER_PATHS = NO;
				CLANG_CXX_LANGUAGE_STANDARD = "gnu++0x";
				CLANG_CXX_LIBRARY = "libc++";
				CLANG_ENABLE_MODULES = YES;
				CLANG_ENABLE_OBJC_ARC = YES;
				CLANG_WARN_BOOL_CONVERSION = YES;
				CLANG_WARN_CONSTANT_CONVERSION = YES;
				CLANG_WARN_DIRECT_OBJC_ISA_USAGE = YES_ERROR;
				CLANG_WARN_EMPTY_BODY = YES;
				CLANG_WARN_ENUM_CONVERSION = YES;
				CLANG_WARN_INT_CONVERSION = YES;
				CLANG_WARN_OBJC_ROOT_CLASS = YES_ERROR;
				CLANG_WARN__DUPLICATE_METHOD_MATCH = YES;
				"CODE_SIGN_IDENTITY[sdk=iphoneos*]" = "iPhone Developer";
				COPY_PHASE_STRIP = NO;
				GCC_C_LANGUAGE_STANDARD = gnu99;
				GCC_DYNAMIC_NO_PIC = NO;
				GCC_OPTIMIZATION_LEVEL = 0;
				GCC_PREPROCESSOR_DEFINITIONS = (
					"DEBUG=1",
					"$(inherited)",
				);
				GCC_SYMBOLS_PRIVATE_EXTERN = NO;
				GCC_WARN_64_TO_32_BIT_CONVERSION = YES;
				GCC_WARN_ABOUT_RETURN_TYPE = YES_ERROR;
				GCC_WARN_UNDECLARED_SELECTOR = YES;
				GCC_WARN_UNINITIALIZED_AUTOS = YES_AGGRESSIVE;
				GCC_WARN_UNUSED_FUNCTION = YES;
				GCC_WARN_UNUSED_VARIABLE = YES;
				IPHONEOS_DEPLOYMENT_TARGET = 7.1;
				ONLY_ACTIVE_ARCH = YES;
				SDKROOT = iphoneos;
			};
			name = Debug;
		};
		ED8D81DC19BF4CB2006B19E1 /* Release */ = {
			isa = XCBuildConfiguration;
			buildSettings = {
				ALWAYS_SEARCH_USER_PATHS = NO;
				CLANG_CXX_LANGUAGE_STANDARD = "gnu++0x";
				CLANG_CXX_LIBRARY = "libc++";
				CLANG_ENABLE_MODULES = YES;
				CLANG_ENABLE_OBJC_ARC = YES;
				CLANG_WARN_BOOL_CONVERSION = YES;
				CLANG_WARN_CONSTANT_CONVERSION = YES;
				CLANG_WARN_DIRECT_OBJC_ISA_USAGE = YES_ERROR;
				CLANG_WARN_EMPTY_BODY = YES;
				CLANG_WARN_ENUM_CONVERSION = YES;
				CLANG_WARN_INT_CONVERSION = YES;
				CLANG_WARN_OBJC_ROOT_CLASS = YES_ERROR;
				CLANG_WARN__DUPLICATE_METHOD_MATCH = YES;
				"CODE_SIGN_IDENTITY[sdk=iphoneos*]" = "iPhone Developer";
				COPY_PHASE_STRIP = YES;
				ENABLE_NS_ASSERTIONS = NO;
				GCC_C_LANGUAGE_STANDARD = gnu99;
				GCC_WARN_64_TO_32_BIT_CONVERSION = YES;
				GCC_WARN_ABOUT_RETURN_TYPE = YES_ERROR;
				GCC_WARN_UNDECLARED_SELECTOR = YES;
				GCC_WARN_UNINITIALIZED_AUTOS = YES_AGGRESSIVE;
				GCC_WARN_UNUSED_FUNCTION = YES;
				GCC_WARN_UNUSED_VARIABLE = YES;
				IPHONEOS_DEPLOYMENT_TARGET = 7.1;
				SDKROOT = iphoneos;
				VALIDATE_PRODUCT = YES;
			};
			name = Release;
		};
		ED8D81DE19BF4CB2006B19E1 /* Debug */ = {
			isa = XCBuildConfiguration;
			buildSettings = {
				ASSETCATALOG_COMPILER_APPICON_NAME = AppIcon;
				ASSETCATALOG_COMPILER_LAUNCHIMAGE_NAME = LaunchImage;
				GCC_PRECOMPILE_PREFIX_HEADER = YES;
				GCC_PREFIX_HEADER = "Evil-Hangman-iOS/Evil-Hangman-iOS-Prefix.pch";
				INFOPLIST_FILE = "Evil-Hangman-iOS/Evil-Hangman-iOS-Info.plist";
				PRODUCT_NAME = "$(TARGET_NAME)";
				WRAPPER_EXTENSION = app;
			};
			name = Debug;
		};
		ED8D81DF19BF4CB2006B19E1 /* Release */ = {
			isa = XCBuildConfiguration;
			buildSettings = {
				ASSETCATALOG_COMPILER_APPICON_NAME = AppIcon;
				ASSETCATALOG_COMPILER_LAUNCHIMAGE_NAME = LaunchImage;
				GCC_PRECOMPILE_PREFIX_HEADER = YES;
				GCC_PREFIX_HEADER = "Evil-Hangman-iOS/Evil-Hangman-iOS-Prefix.pch";
				INFOPLIST_FILE = "Evil-Hangman-iOS/Evil-Hangman-iOS-Info.plist";
				PRODUCT_NAME = "$(TARGET_NAME)";
				WRAPPER_EXTENSION = app;
			};
			name = Release;
		};
		ED8D81E119BF4CB2006B19E1 /* Debug */ = {
			isa = XCBuildConfiguration;
			buildSettings = {
				BUNDLE_LOADER = "$(BUILT_PRODUCTS_DIR)/Evil-Hangman-iOS.app/Evil-Hangman-iOS";
				FRAMEWORK_SEARCH_PATHS = (
					"$(SDKROOT)/Developer/Library/Frameworks",
					"$(inherited)",
					"$(DEVELOPER_FRAMEWORKS_DIR)",
				);
				GCC_PRECOMPILE_PREFIX_HEADER = YES;
				GCC_PREFIX_HEADER = "Evil-Hangman-iOS/Evil-Hangman-iOS-Prefix.pch";
				GCC_PREPROCESSOR_DEFINITIONS = (
					"DEBUG=1",
					"$(inherited)",
				);
				INFOPLIST_FILE = "Evil-Hangman-iOSTests/Evil-Hangman-iOSTests-Info.plist";
				PRODUCT_NAME = "$(TARGET_NAME)";
				TEST_HOST = "$(BUNDLE_LOADER)";
				WRAPPER_EXTENSION = xctest;
			};
			name = Debug;
		};
		ED8D81E219BF4CB2006B19E1 /* Release */ = {
			isa = XCBuildConfiguration;
			buildSettings = {
				BUNDLE_LOADER = "$(BUILT_PRODUCTS_DIR)/Evil-Hangman-iOS.app/Evil-Hangman-iOS";
				FRAMEWORK_SEARCH_PATHS = (
					"$(SDKROOT)/Developer/Library/Frameworks",
					"$(inherited)",
					"$(DEVELOPER_FRAMEWORKS_DIR)",
				);
				GCC_PRECOMPILE_PREFIX_HEADER = YES;
				GCC_PREFIX_HEADER = "Evil-Hangman-iOS/Evil-Hangman-iOS-Prefix.pch";
				INFOPLIST_FILE = "Evil-Hangman-iOSTests/Evil-Hangman-iOSTests-Info.plist";
				PRODUCT_NAME = "$(TARGET_NAME)";
				TEST_HOST = "$(BUNDLE_LOADER)";
				WRAPPER_EXTENSION = xctest;
			};
			name = Release;
		};
/* End XCBuildConfiguration section */

/* Begin XCConfigurationList section */
		ED8D81A319BF4CB2006B19E1 /* Build configuration list for PBXProject "Evil-Hangman-iOS" */ = {
			isa = XCConfigurationList;
			buildConfigurations = (
				ED8D81DB19BF4CB2006B19E1 /* Debug */,
				ED8D81DC19BF4CB2006B19E1 /* Release */,
			);
			defaultConfigurationIsVisible = 0;
			defaultConfigurationName = Release;
		};
		ED8D81DD19BF4CB2006B19E1 /* Build configuration list for PBXNativeTarget "Evil-Hangman-iOS" */ = {
			isa = XCConfigurationList;
			buildConfigurations = (
				ED8D81DE19BF4CB2006B19E1 /* Debug */,
				ED8D81DF19BF4CB2006B19E1 /* Release */,
			);
			defaultConfigurationIsVisible = 0;
		};
		ED8D81E019BF4CB2006B19E1 /* Build configuration list for PBXNativeTarget "Evil-Hangman-iOSTests" */ = {
			isa = XCConfigurationList;
			buildConfigurations = (
				ED8D81E119BF4CB2006B19E1 /* Debug */,
				ED8D81E219BF4CB2006B19E1 /* Release */,
			);
			defaultConfigurationIsVisible = 0;
		};
/* End XCConfigurationList section */
	};
	rootObject = ED8D81A019BF4CB2006B19E1 /* Project object */;
}
